// !$*UTF8*$!
{
	archiveVersion = 1;
	classes = {
	};
	objectVersion = 56;
	objects = {

/* Begin PBXBuildFile section */
		2A64FD312A29589F0040D72B /* Sail_PlanApp.swift in Sources */ = {isa = PBXBuildFile; fileRef = 2A64FD302A29589F0040D72B /* Sail_PlanApp.swift */; };
		2A64FD332A29589F0040D72B /* Sail_PlanDocument.swift in Sources */ = {isa = PBXBuildFile; fileRef = 2A64FD322A29589F0040D72B /* Sail_PlanDocument.swift */; };
		2A64FD352A29589F0040D72B /* ContentView.swift in Sources */ = {isa = PBXBuildFile; fileRef = 2A64FD342A29589F0040D72B /* ContentView.swift */; };
		2A64FD372A29589F0040D72B /* Assets.xcassets in Resources */ = {isa = PBXBuildFile; fileRef = 2A64FD362A29589F0040D72B /* Assets.xcassets */; };
		2A64FD3C2A29589F0040D72B /* Preview Assets.xcassets in Resources */ = {isa = PBXBuildFile; fileRef = 2A64FD3B2A29589F0040D72B /* Preview Assets.xcassets */; };
		2A64FD462A29589F0040D72B /* Sail_PlanTests.swift in Sources */ = {isa = PBXBuildFile; fileRef = 2A64FD452A29589F0040D72B /* Sail_PlanTests.swift */; };
		2A64FD502A29589F0040D72B /* Sail_PlanUITests.swift in Sources */ = {isa = PBXBuildFile; fileRef = 2A64FD4F2A29589F0040D72B /* Sail_PlanUITests.swift */; };
		2A64FD522A29589F0040D72B /* Sail_PlanUITestsLaunchTests.swift in Sources */ = {isa = PBXBuildFile; fileRef = 2A64FD512A29589F0040D72B /* Sail_PlanUITestsLaunchTests.swift */; };
		2AC8DA5F2A2959CB009EFA0B /* SpatialVector.swift in Sources */ = {isa = PBXBuildFile; fileRef = 2AC8DA5E2A2959CB009EFA0B /* SpatialVector.swift */; };
		2AC8DA602A2959CB009EFA0B /* SpatialVector.swift in Sources */ = {isa = PBXBuildFile; fileRef = 2AC8DA5E2A2959CB009EFA0B /* SpatialVector.swift */; };
		2AC8DA622A295D12009EFA0B /* TVMDC.swift in Sources */ = {isa = PBXBuildFile; fileRef = 2AC8DA612A295D12009EFA0B /* TVMDC.swift */; };
		2AC8DA632A295D12009EFA0B /* TVMDC.swift in Sources */ = {isa = PBXBuildFile; fileRef = 2AC8DA612A295D12009EFA0B /* TVMDC.swift */; };
		2AC8DA662A295E49009EFA0B /* TVMDCView.swift in Sources */ = {isa = PBXBuildFile; fileRef = 2AC8DA652A295E49009EFA0B /* TVMDCView.swift */; };
		2AC8DA672A295E49009EFA0B /* TVMDCView.swift in Sources */ = {isa = PBXBuildFile; fileRef = 2AC8DA652A295E49009EFA0B /* TVMDCView.swift */; };
		2AC8DA692A295F0C009EFA0B /* Cardinality.swift in Sources */ = {isa = PBXBuildFile; fileRef = 2AC8DA682A295F0C009EFA0B /* Cardinality.swift */; };
		2AC8DA6A2A295F0C009EFA0B /* Cardinality.swift in Sources */ = {isa = PBXBuildFile; fileRef = 2AC8DA682A295F0C009EFA0B /* Cardinality.swift */; };
		2AC8DA6D2A295FE0009EFA0B /* Deviation.swift in Sources */ = {isa = PBXBuildFile; fileRef = 2AC8DA6C2A295FE0009EFA0B /* Deviation.swift */; };
		2AC8DA6E2A295FE0009EFA0B /* Deviation.swift in Sources */ = {isa = PBXBuildFile; fileRef = 2AC8DA6C2A295FE0009EFA0B /* Deviation.swift */; };
/* End PBXBuildFile section */

/* Begin PBXContainerItemProxy section */
		2A64FD422A29589F0040D72B /* PBXContainerItemProxy */ = {
			isa = PBXContainerItemProxy;
			containerPortal = 2A64FD252A29589F0040D72B /* Project object */;
			proxyType = 1;
			remoteGlobalIDString = 2A64FD2C2A29589F0040D72B;
			remoteInfo = "Sail Plan";
		};
		2A64FD4C2A29589F0040D72B /* PBXContainerItemProxy */ = {
			isa = PBXContainerItemProxy;
			containerPortal = 2A64FD252A29589F0040D72B /* Project object */;
			proxyType = 1;
			remoteGlobalIDString = 2A64FD2C2A29589F0040D72B;
			remoteInfo = "Sail Plan";
		};
/* End PBXContainerItemProxy section */

/* Begin PBXFileReference section */
		2A64FD2D2A29589F0040D72B /* Sail Plan.app */ = {isa = PBXFileReference; explicitFileType = wrapper.application; includeInIndex = 0; path = "Sail Plan.app"; sourceTree = BUILT_PRODUCTS_DIR; };
		2A64FD302A29589F0040D72B /* Sail_PlanApp.swift */ = {isa = PBXFileReference; lastKnownFileType = sourcecode.swift; path = Sail_PlanApp.swift; sourceTree = "<group>"; };
		2A64FD322A29589F0040D72B /* Sail_PlanDocument.swift */ = {isa = PBXFileReference; lastKnownFileType = sourcecode.swift; path = Sail_PlanDocument.swift; sourceTree = "<group>"; };
		2A64FD342A29589F0040D72B /* ContentView.swift */ = {isa = PBXFileReference; lastKnownFileType = sourcecode.swift; path = ContentView.swift; sourceTree = "<group>"; };
		2A64FD362A29589F0040D72B /* Assets.xcassets */ = {isa = PBXFileReference; lastKnownFileType = folder.assetcatalog; path = Assets.xcassets; sourceTree = "<group>"; };
		2A64FD382A29589F0040D72B /* Info.plist */ = {isa = PBXFileReference; lastKnownFileType = text.plist.xml; path = Info.plist; sourceTree = "<group>"; };
		2A64FD392A29589F0040D72B /* Sail_Plan.entitlements */ = {isa = PBXFileReference; lastKnownFileType = text.plist.entitlements; path = Sail_Plan.entitlements; sourceTree = "<group>"; };
		2A64FD3B2A29589F0040D72B /* Preview Assets.xcassets */ = {isa = PBXFileReference; lastKnownFileType = folder.assetcatalog; path = "Preview Assets.xcassets"; sourceTree = "<group>"; };
		2A64FD412A29589F0040D72B /* Sail PlanTests.xctest */ = {isa = PBXFileReference; explicitFileType = wrapper.cfbundle; includeInIndex = 0; path = "Sail PlanTests.xctest"; sourceTree = BUILT_PRODUCTS_DIR; };
		2A64FD452A29589F0040D72B /* Sail_PlanTests.swift */ = {isa = PBXFileReference; lastKnownFileType = sourcecode.swift; path = Sail_PlanTests.swift; sourceTree = "<group>"; };
		2A64FD4B2A29589F0040D72B /* Sail PlanUITests.xctest */ = {isa = PBXFileReference; explicitFileType = wrapper.cfbundle; includeInIndex = 0; path = "Sail PlanUITests.xctest"; sourceTree = BUILT_PRODUCTS_DIR; };
		2A64FD4F2A29589F0040D72B /* Sail_PlanUITests.swift */ = {isa = PBXFileReference; lastKnownFileType = sourcecode.swift; path = Sail_PlanUITests.swift; sourceTree = "<group>"; };
		2A64FD512A29589F0040D72B /* Sail_PlanUITestsLaunchTests.swift */ = {isa = PBXFileReference; lastKnownFileType = sourcecode.swift; path = Sail_PlanUITestsLaunchTests.swift; sourceTree = "<group>"; };
		2AC8DA5E2A2959CB009EFA0B /* SpatialVector.swift */ = {isa = PBXFileReference; lastKnownFileType = sourcecode.swift; path = SpatialVector.swift; sourceTree = "<group>"; };
		2AC8DA612A295D12009EFA0B /* TVMDC.swift */ = {isa = PBXFileReference; lastKnownFileType = sourcecode.swift; path = TVMDC.swift; sourceTree = "<group>"; };
		2AC8DA652A295E49009EFA0B /* TVMDCView.swift */ = {isa = PBXFileReference; lastKnownFileType = sourcecode.swift; path = TVMDCView.swift; sourceTree = "<group>"; };
		2AC8DA682A295F0C009EFA0B /* Cardinality.swift */ = {isa = PBXFileReference; lastKnownFileType = sourcecode.swift; path = Cardinality.swift; sourceTree = "<group>"; };
		2AC8DA6C2A295FE0009EFA0B /* Deviation.swift */ = {isa = PBXFileReference; lastKnownFileType = sourcecode.swift; path = Deviation.swift; sourceTree = "<group>"; };
/* End PBXFileReference section */

/* Begin PBXFrameworksBuildPhase section */
		2A64FD2A2A29589F0040D72B /* Frameworks */ = {
			isa = PBXFrameworksBuildPhase;
			buildActionMask = 2147483647;
			files = (
			);
			runOnlyForDeploymentPostprocessing = 0;
		};
		2A64FD3E2A29589F0040D72B /* Frameworks */ = {
			isa = PBXFrameworksBuildPhase;
			buildActionMask = 2147483647;
			files = (
			);
			runOnlyForDeploymentPostprocessing = 0;
		};
		2A64FD482A29589F0040D72B /* Frameworks */ = {
			isa = PBXFrameworksBuildPhase;
			buildActionMask = 2147483647;
			files = (
			);
			runOnlyForDeploymentPostprocessing = 0;
		};
/* End PBXFrameworksBuildPhase section */

/* Begin PBXGroup section */
		2A64FD242A29589F0040D72B = {
			isa = PBXGroup;
			children = (
				2A64FD2F2A29589F0040D72B /* Sail Plan */,
				2A64FD442A29589F0040D72B /* Sail PlanTests */,
				2A64FD4E2A29589F0040D72B /* Sail PlanUITests */,
				2A64FD2E2A29589F0040D72B /* Products */,
			);
			sourceTree = "<group>";
		};
		2A64FD2E2A29589F0040D72B /* Products */ = {
			isa = PBXGroup;
			children = (
				2A64FD2D2A29589F0040D72B /* Sail Plan.app */,
				2A64FD412A29589F0040D72B /* Sail PlanTests.xctest */,
				2A64FD4B2A29589F0040D72B /* Sail PlanUITests.xctest */,
			);
			name = Products;
			sourceTree = "<group>";
		};
		2A64FD2F2A29589F0040D72B /* Sail Plan */ = {
			isa = PBXGroup;
			children = (
				2AC8DA5D2A2959A5009EFA0B /* Models */,
				2A64FD302A29589F0040D72B /* Sail_PlanApp.swift */,
				2A64FD322A29589F0040D72B /* Sail_PlanDocument.swift */,
				2A64FD342A29589F0040D72B /* ContentView.swift */,
				2A64FD362A29589F0040D72B /* Assets.xcassets */,
				2A64FD382A29589F0040D72B /* Info.plist */,
				2A64FD392A29589F0040D72B /* Sail_Plan.entitlements */,
				2A64FD3A2A29589F0040D72B /* Preview Content */,
			);
			path = "Sail Plan";
			sourceTree = "<group>";
		};
		2A64FD3A2A29589F0040D72B /* Preview Content */ = {
			isa = PBXGroup;
			children = (
				2A64FD3B2A29589F0040D72B /* Preview Assets.xcassets */,
			);
			path = "Preview Content";
			sourceTree = "<group>";
		};
		2A64FD442A29589F0040D72B /* Sail PlanTests */ = {
			isa = PBXGroup;
			children = (
				2A64FD452A29589F0040D72B /* Sail_PlanTests.swift */,
			);
			path = "Sail PlanTests";
			sourceTree = "<group>";
		};
		2A64FD4E2A29589F0040D72B /* Sail PlanUITests */ = {
			isa = PBXGroup;
			children = (
				2A64FD4F2A29589F0040D72B /* Sail_PlanUITests.swift */,
				2A64FD512A29589F0040D72B /* Sail_PlanUITestsLaunchTests.swift */,
			);
			path = "Sail PlanUITests";
			sourceTree = "<group>";
		};
		2AC8DA5D2A2959A5009EFA0B /* Models */ = {
			isa = PBXGroup;
			children = (
				2AC8DA6F2A2A042C009EFA0B /* Spatial */,
				2AC8DA6B2A295FD0009EFA0B /* Deviation */,
				2AC8DA642A295E2B009EFA0B /* TVMDC */,
				2AC8DA702A2A0439009EFA0B /* Vector */,
			);
			path = Models;
			sourceTree = "<group>";
		};
		2AC8DA642A295E2B009EFA0B /* TVMDC */ = {
			isa = PBXGroup;
			children = (
				2AC8DA612A295D12009EFA0B /* TVMDC.swift */,
				2AC8DA652A295E49009EFA0B /* TVMDCView.swift */,
			);
			path = TVMDC;
			sourceTree = "<group>";
		};
		2AC8DA6B2A295FD0009EFA0B /* Deviation */ = {
			isa = PBXGroup;
			children = (
				2AC8DA6C2A295FE0009EFA0B /* Deviation.swift */,
			);
			path = Deviation;
			sourceTree = "<group>";
		};
		2AC8DA6F2A2A042C009EFA0B /* Spatial */ = {
			isa = PBXGroup;
			children = (
				2AC8DA5E2A2959CB009EFA0B /* SpatialVector.swift */,
				2AC8DA682A295F0C009EFA0B /* Cardinality.swift */,
			);
			path = Spatial;
			sourceTree = "<group>";
		};
		2AC8DA702A2A0439009EFA0B /* Vector */ = {
			isa = PBXGroup;
			children = (
			);
			path = Vector;
			sourceTree = "<group>";
		};
/* End PBXGroup section */

/* Begin PBXNativeTarget section */
		2A64FD2C2A29589F0040D72B /* Sail Plan */ = {
			isa = PBXNativeTarget;
			buildConfigurationList = 2A64FD552A29589F0040D72B /* Build configuration list for PBXNativeTarget "Sail Plan" */;
			buildPhases = (
				2A64FD292A29589F0040D72B /* Sources */,
				2A64FD2A2A29589F0040D72B /* Frameworks */,
				2A64FD2B2A29589F0040D72B /* Resources */,
			);
			buildRules = (
			);
			dependencies = (
			);
			name = "Sail Plan";
			productName = "Sail Plan";
			productReference = 2A64FD2D2A29589F0040D72B /* Sail Plan.app */;
			productType = "com.apple.product-type.application";
		};
		2A64FD402A29589F0040D72B /* Sail PlanTests */ = {
			isa = PBXNativeTarget;
			buildConfigurationList = 2A64FD582A29589F0040D72B /* Build configuration list for PBXNativeTarget "Sail PlanTests" */;
			buildPhases = (
				2A64FD3D2A29589F0040D72B /* Sources */,
				2A64FD3E2A29589F0040D72B /* Frameworks */,
				2A64FD3F2A29589F0040D72B /* Resources */,
			);
			buildRules = (
			);
			dependencies = (
				2A64FD432A29589F0040D72B /* PBXTargetDependency */,
			);
			name = "Sail PlanTests";
			productName = "Sail PlanTests";
			productReference = 2A64FD412A29589F0040D72B /* Sail PlanTests.xctest */;
			productType = "com.apple.product-type.bundle.unit-test";
		};
		2A64FD4A2A29589F0040D72B /* Sail PlanUITests */ = {
			isa = PBXNativeTarget;
			buildConfigurationList = 2A64FD5B2A29589F0040D72B /* Build configuration list for PBXNativeTarget "Sail PlanUITests" */;
			buildPhases = (
				2A64FD472A29589F0040D72B /* Sources */,
				2A64FD482A29589F0040D72B /* Frameworks */,
				2A64FD492A29589F0040D72B /* Resources */,
			);
			buildRules = (
			);
			dependencies = (
				2A64FD4D2A29589F0040D72B /* PBXTargetDependency */,
			);
			name = "Sail PlanUITests";
			productName = "Sail PlanUITests";
			productReference = 2A64FD4B2A29589F0040D72B /* Sail PlanUITests.xctest */;
			productType = "com.apple.product-type.bundle.ui-testing";
		};
/* End PBXNativeTarget section */

/* Begin PBXProject section */
		2A64FD252A29589F0040D72B /* Project object */ = {
			isa = PBXProject;
			attributes = {
				BuildIndependentTargetsInParallel = 1;
				LastSwiftUpdateCheck = 1410;
				LastUpgradeCheck = 1410;
				TargetAttributes = {
					2A64FD2C2A29589F0040D72B = {
						CreatedOnToolsVersion = 14.1;
					};
					2A64FD402A29589F0040D72B = {
						CreatedOnToolsVersion = 14.1;
						TestTargetID = 2A64FD2C2A29589F0040D72B;
					};
					2A64FD4A2A29589F0040D72B = {
						CreatedOnToolsVersion = 14.1;
						TestTargetID = 2A64FD2C2A29589F0040D72B;
					};
				};
			};
			buildConfigurationList = 2A64FD282A29589F0040D72B /* Build configuration list for PBXProject "Sail Plan" */;
			compatibilityVersion = "Xcode 14.0";
			developmentRegion = en;
			hasScannedForEncodings = 0;
			knownRegions = (
				en,
				Base,
			);
			mainGroup = 2A64FD242A29589F0040D72B;
			productRefGroup = 2A64FD2E2A29589F0040D72B /* Products */;
			projectDirPath = "";
			projectRoot = "";
			targets = (
				2A64FD2C2A29589F0040D72B /* Sail Plan */,
				2A64FD402A29589F0040D72B /* Sail PlanTests */,
				2A64FD4A2A29589F0040D72B /* Sail PlanUITests */,
			);
		};
/* End PBXProject section */

/* Begin PBXResourcesBuildPhase section */
		2A64FD2B2A29589F0040D72B /* Resources */ = {
			isa = PBXResourcesBuildPhase;
			buildActionMask = 2147483647;
			files = (
				2A64FD3C2A29589F0040D72B /* Preview Assets.xcassets in Resources */,
				2A64FD372A29589F0040D72B /* Assets.xcassets in Resources */,
			);
			runOnlyForDeploymentPostprocessing = 0;
		};
		2A64FD3F2A29589F0040D72B /* Resources */ = {
			isa = PBXResourcesBuildPhase;
			buildActionMask = 2147483647;
			files = (
			);
			runOnlyForDeploymentPostprocessing = 0;
		};
		2A64FD492A29589F0040D72B /* Resources */ = {
			isa = PBXResourcesBuildPhase;
			buildActionMask = 2147483647;
			files = (
			);
			runOnlyForDeploymentPostprocessing = 0;
		};
/* End PBXResourcesBuildPhase section */

/* Begin PBXSourcesBuildPhase section */
		2A64FD292A29589F0040D72B /* Sources */ = {
			isa = PBXSourcesBuildPhase;
			buildActionMask = 2147483647;
			files = (
				2AC8DA622A295D12009EFA0B /* TVMDC.swift in Sources */,
				2AC8DA662A295E49009EFA0B /* TVMDCView.swift in Sources */,
				2AC8DA5F2A2959CB009EFA0B /* SpatialVector.swift in Sources */,
				2A64FD332A29589F0040D72B /* Sail_PlanDocument.swift in Sources */,
				2A64FD312A29589F0040D72B /* Sail_PlanApp.swift in Sources */,
				2AC8DA6D2A295FE0009EFA0B /* Deviation.swift in Sources */,
				2AC8DA692A295F0C009EFA0B /* Cardinality.swift in Sources */,
				2A64FD352A29589F0040D72B /* ContentView.swift in Sources */,
			);
			runOnlyForDeploymentPostprocessing = 0;
		};
		2A64FD3D2A29589F0040D72B /* Sources */ = {
			isa = PBXSourcesBuildPhase;
			buildActionMask = 2147483647;
			files = (
				2AC8DA602A2959CB009EFA0B /* SpatialVector.swift in Sources */,
				2AC8DA6A2A295F0C009EFA0B /* Cardinality.swift in Sources */,
				2AC8DA632A295D12009EFA0B /* TVMDC.swift in Sources */,
				2A64FD462A29589F0040D72B /* Sail_PlanTests.swift in Sources */,
				2AC8DA672A295E49009EFA0B /* TVMDCView.swift in Sources */,
				2AC8DA6E2A295FE0009EFA0B /* Deviation.swift in Sources */,
			);
			runOnlyForDeploymentPostprocessing = 0;
		};
		2A64FD472A29589F0040D72B /* Sources */ = {
			isa = PBXSourcesBuildPhase;
			buildActionMask = 2147483647;
			files = (
				2A64FD522A29589F0040D72B /* Sail_PlanUITestsLaunchTests.swift in Sources */,
				2A64FD502A29589F0040D72B /* Sail_PlanUITests.swift in Sources */,
			);
			runOnlyForDeploymentPostprocessing = 0;
		};
/* End PBXSourcesBuildPhase section */

/* Begin PBXTargetDependency section */
		2A64FD432A29589F0040D72B /* PBXTargetDependency */ = {
			isa = PBXTargetDependency;
			target = 2A64FD2C2A29589F0040D72B /* Sail Plan */;
			targetProxy = 2A64FD422A29589F0040D72B /* PBXContainerItemProxy */;
		};
		2A64FD4D2A29589F0040D72B /* PBXTargetDependency */ = {
			isa = PBXTargetDependency;
			target = 2A64FD2C2A29589F0040D72B /* Sail Plan */;
			targetProxy = 2A64FD4C2A29589F0040D72B /* PBXContainerItemProxy */;
		};
/* End PBXTargetDependency section */

/* Begin XCBuildConfiguration section */
		2A64FD532A29589F0040D72B /* Debug */ = {
			isa = XCBuildConfiguration;
			buildSettings = {
				ALWAYS_SEARCH_USER_PATHS = NO;
				CLANG_ANALYZER_NONNULL = YES;
				CLANG_ANALYZER_NUMBER_OBJECT_CONVERSION = YES_AGGRESSIVE;
				CLANG_CXX_LANGUAGE_STANDARD = "gnu++20";
				CLANG_ENABLE_MODULES = YES;
				CLANG_ENABLE_OBJC_ARC = YES;
				CLANG_ENABLE_OBJC_WEAK = YES;
				CLANG_WARN_BLOCK_CAPTURE_AUTORELEASING = YES;
				CLANG_WARN_BOOL_CONVERSION = YES;
				CLANG_WARN_COMMA = YES;
				CLANG_WARN_CONSTANT_CONVERSION = YES;
				CLANG_WARN_DEPRECATED_OBJC_IMPLEMENTATIONS = YES;
				CLANG_WARN_DIRECT_OBJC_ISA_USAGE = YES_ERROR;
				CLANG_WARN_DOCUMENTATION_COMMENTS = YES;
				CLANG_WARN_EMPTY_BODY = YES;
				CLANG_WARN_ENUM_CONVERSION = YES;
				CLANG_WARN_INFINITE_RECURSION = YES;
				CLANG_WARN_INT_CONVERSION = YES;
				CLANG_WARN_NON_LITERAL_NULL_CONVERSION = YES;
				CLANG_WARN_OBJC_IMPLICIT_RETAIN_SELF = YES;
				CLANG_WARN_OBJC_LITERAL_CONVERSION = YES;
				CLANG_WARN_OBJC_ROOT_CLASS = YES_ERROR;
				CLANG_WARN_QUOTED_INCLUDE_IN_FRAMEWORK_HEADER = YES;
				CLANG_WARN_RANGE_LOOP_ANALYSIS = YES;
				CLANG_WARN_STRICT_PROTOTYPES = YES;
				CLANG_WARN_SUSPICIOUS_MOVE = YES;
				CLANG_WARN_UNGUARDED_AVAILABILITY = YES_AGGRESSIVE;
				CLANG_WARN_UNREACHABLE_CODE = YES;
				CLANG_WARN__DUPLICATE_METHOD_MATCH = YES;
				COPY_PHASE_STRIP = NO;
				DEBUG_INFORMATION_FORMAT = dwarf;
				ENABLE_STRICT_OBJC_MSGSEND = YES;
				ENABLE_TESTABILITY = YES;
				GCC_C_LANGUAGE_STANDARD = gnu11;
				GCC_DYNAMIC_NO_PIC = NO;
				GCC_NO_COMMON_BLOCKS = YES;
				GCC_OPTIMIZATION_LEVEL = 0;
				GCC_PREPROCESSOR_DEFINITIONS = (
					"DEBUG=1",
					"$(inherited)",
				);
				GCC_WARN_64_TO_32_BIT_CONVERSION = YES;
				GCC_WARN_ABOUT_RETURN_TYPE = YES_ERROR;
				GCC_WARN_UNDECLARED_SELECTOR = YES;
				GCC_WARN_UNINITIALIZED_AUTOS = YES_AGGRESSIVE;
				GCC_WARN_UNUSED_FUNCTION = YES;
				GCC_WARN_UNUSED_VARIABLE = YES;
				MTL_ENABLE_DEBUG_INFO = INCLUDE_SOURCE;
				MTL_FAST_MATH = YES;
				ONLY_ACTIVE_ARCH = YES;
				SWIFT_ACTIVE_COMPILATION_CONDITIONS = DEBUG;
				SWIFT_OPTIMIZATION_LEVEL = "-Onone";
			};
			name = Debug;
		};
		2A64FD542A29589F0040D72B /* Release */ = {
			isa = XCBuildConfiguration;
			buildSettings = {
				ALWAYS_SEARCH_USER_PATHS = NO;
				CLANG_ANALYZER_NONNULL = YES;
				CLANG_ANALYZER_NUMBER_OBJECT_CONVERSION = YES_AGGRESSIVE;
				CLANG_CXX_LANGUAGE_STANDARD = "gnu++20";
				CLANG_ENABLE_MODULES = YES;
				CLANG_ENABLE_OBJC_ARC = YES;
				CLANG_ENABLE_OBJC_WEAK = YES;
				CLANG_WARN_BLOCK_CAPTURE_AUTORELEASING = YES;
				CLANG_WARN_BOOL_CONVERSION = YES;
				CLANG_WARN_COMMA = YES;
				CLANG_WARN_CONSTANT_CONVERSION = YES;
				CLANG_WARN_DEPRECATED_OBJC_IMPLEMENTATIONS = YES;
				CLANG_WARN_DIRECT_OBJC_ISA_USAGE = YES_ERROR;
				CLANG_WARN_DOCUMENTATION_COMMENTS = YES;
				CLANG_WARN_EMPTY_BODY = YES;
				CLANG_WARN_ENUM_CONVERSION = YES;
				CLANG_WARN_INFINITE_RECURSION = YES;
				CLANG_WARN_INT_CONVERSION = YES;
				CLANG_WARN_NON_LITERAL_NULL_CONVERSION = YES;
				CLANG_WARN_OBJC_IMPLICIT_RETAIN_SELF = YES;
				CLANG_WARN_OBJC_LITERAL_CONVERSION = YES;
				CLANG_WARN_OBJC_ROOT_CLASS = YES_ERROR;
				CLANG_WARN_QUOTED_INCLUDE_IN_FRAMEWORK_HEADER = YES;
				CLANG_WARN_RANGE_LOOP_ANALYSIS = YES;
				CLANG_WARN_STRICT_PROTOTYPES = YES;
				CLANG_WARN_SUSPICIOUS_MOVE = YES;
				CLANG_WARN_UNGUARDED_AVAILABILITY = YES_AGGRESSIVE;
				CLANG_WARN_UNREACHABLE_CODE = YES;
				CLANG_WARN__DUPLICATE_METHOD_MATCH = YES;
				COPY_PHASE_STRIP = NO;
				DEBUG_INFORMATION_FORMAT = "dwarf-with-dsym";
				ENABLE_NS_ASSERTIONS = NO;
				ENABLE_STRICT_OBJC_MSGSEND = YES;
				GCC_C_LANGUAGE_STANDARD = gnu11;
				GCC_NO_COMMON_BLOCKS = YES;
				GCC_WARN_64_TO_32_BIT_CONVERSION = YES;
				GCC_WARN_ABOUT_RETURN_TYPE = YES_ERROR;
				GCC_WARN_UNDECLARED_SELECTOR = YES;
				GCC_WARN_UNINITIALIZED_AUTOS = YES_AGGRESSIVE;
				GCC_WARN_UNUSED_FUNCTION = YES;
				GCC_WARN_UNUSED_VARIABLE = YES;
				MTL_ENABLE_DEBUG_INFO = NO;
				MTL_FAST_MATH = YES;
				SWIFT_COMPILATION_MODE = wholemodule;
				SWIFT_OPTIMIZATION_LEVEL = "-O";
			};
			name = Release;
		};
		2A64FD562A29589F0040D72B /* Debug */ = {
			isa = XCBuildConfiguration;
			buildSettings = {
				ASSETCATALOG_COMPILER_APPICON_NAME = AppIcon;
				ASSETCATALOG_COMPILER_GLOBAL_ACCENT_COLOR_NAME = AccentColor;
				CODE_SIGN_ENTITLEMENTS = "Sail Plan/Sail_Plan.entitlements";
				CODE_SIGN_STYLE = Automatic;
				CURRENT_PROJECT_VERSION = 1;
				DEVELOPMENT_ASSET_PATHS = "\"Sail Plan/Preview Content\"";
				DEVELOPMENT_TEAM = 3L9D67FVN7;
				ENABLE_HARDENED_RUNTIME = YES;
				ENABLE_PREVIEWS = YES;
				GENERATE_INFOPLIST_FILE = YES;
				INFOPLIST_FILE = "Sail Plan/Info.plist";
				"INFOPLIST_KEY_UIApplicationSceneManifest_Generation[sdk=iphoneos*]" = YES;
				"INFOPLIST_KEY_UIApplicationSceneManifest_Generation[sdk=iphonesimulator*]" = YES;
				"INFOPLIST_KEY_UIApplicationSupportsIndirectInputEvents[sdk=iphoneos*]" = YES;
				"INFOPLIST_KEY_UIApplicationSupportsIndirectInputEvents[sdk=iphonesimulator*]" = YES;
				"INFOPLIST_KEY_UILaunchScreen_Generation[sdk=iphoneos*]" = YES;
				"INFOPLIST_KEY_UILaunchScreen_Generation[sdk=iphonesimulator*]" = YES;
				"INFOPLIST_KEY_UIStatusBarStyle[sdk=iphoneos*]" = UIStatusBarStyleDefault;
				"INFOPLIST_KEY_UIStatusBarStyle[sdk=iphonesimulator*]" = UIStatusBarStyleDefault;
				INFOPLIST_KEY_UISupportedInterfaceOrientations_iPad = "UIInterfaceOrientationPortrait UIInterfaceOrientationPortraitUpsideDown UIInterfaceOrientationLandscapeLeft UIInterfaceOrientationLandscapeRight";
				INFOPLIST_KEY_UISupportedInterfaceOrientations_iPhone = "UIInterfaceOrientationPortrait UIInterfaceOrientationLandscapeLeft UIInterfaceOrientationLandscapeRight";
				"INFOPLIST_KEY_UISupportsDocumentBrowser[sdk=iphoneos*]" = YES;
				"INFOPLIST_KEY_UISupportsDocumentBrowser[sdk=iphonesimulator*]" = YES;
				IPHONEOS_DEPLOYMENT_TARGET = 16.1;
				LD_RUNPATH_SEARCH_PATHS = "@executable_path/Frameworks";
				"LD_RUNPATH_SEARCH_PATHS[sdk=macosx*]" = "@executable_path/../Frameworks";
				MACOSX_DEPLOYMENT_TARGET = 13.0;
				MARKETING_VERSION = 1.0;
				PRODUCT_BUNDLE_IDENTIFIER = "com.dyerlab.sailing.Sail-Plan";
				PRODUCT_NAME = "$(TARGET_NAME)";
				SDKROOT = auto;
				SUPPORTED_PLATFORMS = "iphoneos iphonesimulator macosx";
				SWIFT_EMIT_LOC_STRINGS = YES;
				SWIFT_VERSION = 5.0;
				TARGETED_DEVICE_FAMILY = "1,2";
			};
			name = Debug;
		};
		2A64FD572A29589F0040D72B /* Release */ = {
			isa = XCBuildConfiguration;
			buildSettings = {
				ASSETCATALOG_COMPILER_APPICON_NAME = AppIcon;
				ASSETCATALOG_COMPILER_GLOBAL_ACCENT_COLOR_NAME = AccentColor;
				CODE_SIGN_ENTITLEMENTS = "Sail Plan/Sail_Plan.entitlements";
				CODE_SIGN_STYLE = Automatic;
				CURRENT_PROJECT_VERSION = 1;
				DEVELOPMENT_ASSET_PATHS = "\"Sail Plan/Preview Content\"";
				DEVELOPMENT_TEAM = 3L9D67FVN7;
				ENABLE_HARDENED_RUNTIME = YES;
				ENABLE_PREVIEWS = YES;
				GENERATE_INFOPLIST_FILE = YES;
				INFOPLIST_FILE = "Sail Plan/Info.plist";
				"INFOPLIST_KEY_UIApplicationSceneManifest_Generation[sdk=iphoneos*]" = YES;
				"INFOPLIST_KEY_UIApplicationSceneManifest_Generation[sdk=iphonesimulator*]" = YES;
				"INFOPLIST_KEY_UIApplicationSupportsIndirectInputEvents[sdk=iphoneos*]" = YES;
				"INFOPLIST_KEY_UIApplicationSupportsIndirectInputEvents[sdk=iphonesimulator*]" = YES;
				"INFOPLIST_KEY_UILaunchScreen_Generation[sdk=iphoneos*]" = YES;
				"INFOPLIST_KEY_UILaunchScreen_Generation[sdk=iphonesimulator*]" = YES;
				"INFOPLIST_KEY_UIStatusBarStyle[sdk=iphoneos*]" = UIStatusBarStyleDefault;
				"INFOPLIST_KEY_UIStatusBarStyle[sdk=iphonesimulator*]" = UIStatusBarStyleDefault;
				INFOPLIST_KEY_UISupportedInterfaceOrientations_iPad = "UIInterfaceOrientationPortrait UIInterfaceOrientationPortraitUpsideDown UIInterfaceOrientationLandscapeLeft UIInterfaceOrientationLandscapeRight";
				INFOPLIST_KEY_UISupportedInterfaceOrientations_iPhone = "UIInterfaceOrientationPortrait UIInterfaceOrientationLandscapeLeft UIInterfaceOrientationLandscapeRight";
				"INFOPLIST_KEY_UISupportsDocumentBrowser[sdk=iphoneos*]" = YES;
				"INFOPLIST_KEY_UISupportsDocumentBrowser[sdk=iphonesimulator*]" = YES;
				IPHONEOS_DEPLOYMENT_TARGET = 16.1;
				LD_RUNPATH_SEARCH_PATHS = "@executable_path/Frameworks";
				"LD_RUNPATH_SEARCH_PATHS[sdk=macosx*]" = "@executable_path/../Frameworks";
				MACOSX_DEPLOYMENT_TARGET = 13.0;
				MARKETING_VERSION = 1.0;
				PRODUCT_BUNDLE_IDENTIFIER = "com.dyerlab.sailing.Sail-Plan";
				PRODUCT_NAME = "$(TARGET_NAME)";
				SDKROOT = auto;
				SUPPORTED_PLATFORMS = "iphoneos iphonesimulator macosx";
				SWIFT_EMIT_LOC_STRINGS = YES;
				SWIFT_VERSION = 5.0;
				TARGETED_DEVICE_FAMILY = "1,2";
			};
			name = Release;
		};
		2A64FD592A29589F0040D72B /* Debug */ = {
			isa = XCBuildConfiguration;
			buildSettings = {
				ALWAYS_EMBED_SWIFT_STANDARD_LIBRARIES = YES;
				BUNDLE_LOADER = "$(TEST_HOST)";
				CODE_SIGN_STYLE = Automatic;
				CURRENT_PROJECT_VERSION = 1;
				DEVELOPMENT_TEAM = 3L9D67FVN7;
				GENERATE_INFOPLIST_FILE = YES;
				IPHONEOS_DEPLOYMENT_TARGET = 16.1;
				MACOSX_DEPLOYMENT_TARGET = 13.0;
				MARKETING_VERSION = 1.0;
				PRODUCT_BUNDLE_IDENTIFIER = "com.dyerlab.sailing.Sail-PlanTests";
				PRODUCT_NAME = "$(TARGET_NAME)";
				SDKROOT = auto;
				SUPPORTED_PLATFORMS = "iphoneos iphonesimulator macosx";
				SWIFT_EMIT_LOC_STRINGS = NO;
				SWIFT_VERSION = 5.0;
				TARGETED_DEVICE_FAMILY = "1,2";
				TEST_HOST = "$(BUILT_PRODUCTS_DIR)/Sail Plan.app/$(BUNDLE_EXECUTABLE_FOLDER_PATH)/Sail Plan";
			};
			name = Debug;
		};
		2A64FD5A2A29589F0040D72B /* Release */ = {
			isa = XCBuildConfiguration;
			buildSettings = {
				ALWAYS_EMBED_SWIFT_STANDARD_LIBRARIES = YES;
				BUNDLE_LOADER = "$(TEST_HOST)";
				CODE_SIGN_STYLE = Automatic;
				CURRENT_PROJECT_VERSION = 1;
				DEVELOPMENT_TEAM = 3L9D67FVN7;
				GENERATE_INFOPLIST_FILE = YES;
				IPHONEOS_DEPLOYMENT_TARGET = 16.1;
				MACOSX_DEPLOYMENT_TARGET = 13.0;
				MARKETING_VERSION = 1.0;
				PRODUCT_BUNDLE_IDENTIFIER = "com.dyerlab.sailing.Sail-PlanTests";
				PRODUCT_NAME = "$(TARGET_NAME)";
				SDKROOT = auto;
				SUPPORTED_PLATFORMS = "iphoneos iphonesimulator macosx";
				SWIFT_EMIT_LOC_STRINGS = NO;
				SWIFT_VERSION = 5.0;
				TARGETED_DEVICE_FAMILY = "1,2";
				TEST_HOST = "$(BUILT_PRODUCTS_DIR)/Sail Plan.app/$(BUNDLE_EXECUTABLE_FOLDER_PATH)/Sail Plan";
			};
			name = Release;
		};
		2A64FD5C2A29589F0040D72B /* Debug */ = {
			isa = XCBuildConfiguration;
			buildSettings = {
				ALWAYS_EMBED_SWIFT_STANDARD_LIBRARIES = YES;
				CODE_SIGN_STYLE = Automatic;
				CURRENT_PROJECT_VERSION = 1;
				DEVELOPMENT_TEAM = 3L9D67FVN7;
				GENERATE_INFOPLIST_FILE = YES;
				IPHONEOS_DEPLOYMENT_TARGET = 16.1;
				MACOSX_DEPLOYMENT_TARGET = 13.0;
				MARKETING_VERSION = 1.0;
				PRODUCT_BUNDLE_IDENTIFIER = "com.dyerlab.sailing.Sail-PlanUITests";
				PRODUCT_NAME = "$(TARGET_NAME)";
				SDKROOT = auto;
				SUPPORTED_PLATFORMS = "iphoneos iphonesimulator macosx";
				SWIFT_EMIT_LOC_STRINGS = NO;
				SWIFT_VERSION = 5.0;
				TARGETED_DEVICE_FAMILY = "1,2";
				TEST_TARGET_NAME = "Sail Plan";
			};
			name = Debug;
		};
		2A64FD5D2A29589F0040D72B /* Release */ = {
			isa = XCBuildConfiguration;
			buildSettings = {
				ALWAYS_EMBED_SWIFT_STANDARD_LIBRARIES = YES;
				CODE_SIGN_STYLE = Automatic;
				CURRENT_PROJECT_VERSION = 1;
				DEVELOPMENT_TEAM = 3L9D67FVN7;
				GENERATE_INFOPLIST_FILE = YES;
				IPHONEOS_DEPLOYMENT_TARGET = 16.1;
				MACOSX_DEPLOYMENT_TARGET = 13.0;
				MARKETING_VERSION = 1.0;
				PRODUCT_BUNDLE_IDENTIFIER = "com.dyerlab.sailing.Sail-PlanUITests";
				PRODUCT_NAME = "$(TARGET_NAME)";
				SDKROOT = auto;
				SUPPORTED_PLATFORMS = "iphoneos iphonesimulator macosx";
				SWIFT_EMIT_LOC_STRINGS = NO;
				SWIFT_VERSION = 5.0;
				TARGETED_DEVICE_FAMILY = "1,2";
				TEST_TARGET_NAME = "Sail Plan";
			};
			name = Release;
		};
/* End XCBuildConfiguration section */

/* Begin XCConfigurationList section */
		2A64FD282A29589F0040D72B /* Build configuration list for PBXProject "Sail Plan" */ = {
			isa = XCConfigurationList;
			buildConfigurations = (
				2A64FD532A29589F0040D72B /* Debug */,
				2A64FD542A29589F0040D72B /* Release */,
			);
			defaultConfigurationIsVisible = 0;
			defaultConfigurationName = Release;
		};
		2A64FD552A29589F0040D72B /* Build configuration list for PBXNativeTarget "Sail Plan" */ = {
			isa = XCConfigurationList;
			buildConfigurations = (
				2A64FD562A29589F0040D72B /* Debug */,
				2A64FD572A29589F0040D72B /* Release */,
			);
			defaultConfigurationIsVisible = 0;
			defaultConfigurationName = Release;
		};
		2A64FD582A29589F0040D72B /* Build configuration list for PBXNativeTarget "Sail PlanTests" */ = {
			isa = XCConfigurationList;
			buildConfigurations = (
				2A64FD592A29589F0040D72B /* Debug */,
				2A64FD5A2A29589F0040D72B /* Release */,
			);
			defaultConfigurationIsVisible = 0;
			defaultConfigurationName = Release;
		};
		2A64FD5B2A29589F0040D72B /* Build configuration list for PBXNativeTarget "Sail PlanUITests" */ = {
			isa = XCConfigurationList;
			buildConfigurations = (
				2A64FD5C2A29589F0040D72B /* Debug */,
				2A64FD5D2A29589F0040D72B /* Release */,
			);
			defaultConfigurationIsVisible = 0;
			defaultConfigurationName = Release;
		};
/* End XCConfigurationList section */
	};
	rootObject = 2A64FD252A29589F0040D72B /* Project object */;
}
